// !$*UTF8*$!
{
	archiveVersion = 1;
	classes = {
	};
	objectVersion = 46;
	objects = {

/* Begin PBXBuildFile section */
		2C568DA31867888F00903E9E /* symbols.plist in Resources */ = {isa = PBXBuildFile; fileRef = 2C568DA21867888F00903E9E /* symbols.plist */; };
		2C568DA5186788ED00903E9E /* short_names.plist in Resources */ = {isa = PBXBuildFile; fileRef = 2C568DA4186788ED00903E9E /* short_names.plist */; };
		2C568DA71867892700903E9E /* full_names.plist in Resources */ = {isa = PBXBuildFile; fileRef = 2C568DA61867892700903E9E /* full_names.plist */; };
		2C581DF51867A0EF00340D39 /* NavController.m in Sources */ = {isa = PBXBuildFile; fileRef = 2C581DF41867A0EF00340D39 /* NavController.m */; };
		2C755BE2185B3DC100045B9A /* Foundation.framework in Frameworks */ = {isa = PBXBuildFile; fileRef = 2C755BE1185B3DC100045B9A /* Foundation.framework */; };
		2C755BE4185B3DC100045B9A /* CoreGraphics.framework in Frameworks */ = {isa = PBXBuildFile; fileRef = 2C755BE3185B3DC100045B9A /* CoreGraphics.framework */; };
		2C755BE6185B3DC100045B9A /* UIKit.framework in Frameworks */ = {isa = PBXBuildFile; fileRef = 2C755BE5185B3DC100045B9A /* UIKit.framework */; };
		2C755BEC185B3DC100045B9A /* InfoPlist.strings in Resources */ = {isa = PBXBuildFile; fileRef = 2C755BEA185B3DC100045B9A /* InfoPlist.strings */; };
		2C755BEE185B3DC100045B9A /* main.m in Sources */ = {isa = PBXBuildFile; fileRef = 2C755BED185B3DC100045B9A /* main.m */; };
		2C755BF2185B3DC100045B9A /* AppDelegate.m in Sources */ = {isa = PBXBuildFile; fileRef = 2C755BF1185B3DC100045B9A /* AppDelegate.m */; };
		2C755BF5185B3DC100045B9A /* Main.storyboard in Resources */ = {isa = PBXBuildFile; fileRef = 2C755BF3185B3DC100045B9A /* Main.storyboard */; };
		2C755BF8185B3DC100045B9A /* ViewController.m in Sources */ = {isa = PBXBuildFile; fileRef = 2C755BF7185B3DC100045B9A /* ViewController.m */; };
		2C755BFA185B3DC100045B9A /* Images.xcassets in Resources */ = {isa = PBXBuildFile; fileRef = 2C755BF9185B3DC100045B9A /* Images.xcassets */; };
		2C755C01185B3DC100045B9A /* XCTest.framework in Frameworks */ = {isa = PBXBuildFile; fileRef = 2C755C00185B3DC100045B9A /* XCTest.framework */; };
		2C755C02185B3DC100045B9A /* Foundation.framework in Frameworks */ = {isa = PBXBuildFile; fileRef = 2C755BE1185B3DC100045B9A /* Foundation.framework */; };
		2C755C03185B3DC100045B9A /* UIKit.framework in Frameworks */ = {isa = PBXBuildFile; fileRef = 2C755BE5185B3DC100045B9A /* UIKit.framework */; };
		2C755C0B185B3DC100045B9A /* InfoPlist.strings in Resources */ = {isa = PBXBuildFile; fileRef = 2C755C09185B3DC100045B9A /* InfoPlist.strings */; };
		2C755C0D185B3DC100045B9A /* CurrenciesTests.m in Sources */ = {isa = PBXBuildFile; fileRef = 2C755C0C185B3DC100045B9A /* CurrenciesTests.m */; };
		2C755C18185B4A4F00045B9A /* CurrencyConverter.m in Sources */ = {isa = PBXBuildFile; fileRef = 2C755C17185B4A4F00045B9A /* CurrencyConverter.m */; };
		2CDAC5CB1860E3F700CB4913 /* Currency.m in Sources */ = {isa = PBXBuildFile; fileRef = 2CDAC5CA1860E3F700CB4913 /* Currency.m */; };
		2CF24DC6185BADE10083EC56 /* TableViewController.m in Sources */ = {isa = PBXBuildFile; fileRef = 2CF24DC5185BADE10083EC56 /* TableViewController.m */; };
		2CF24DCC185BB18A0083EC56 /* CurrenciesContainer.m in Sources */ = {isa = PBXBuildFile; fileRef = 2CF24DCB185BB18A0083EC56 /* CurrenciesContainer.m */; };
/* End PBXBuildFile section */

/* Begin PBXContainerItemProxy section */
		2C755C04185B3DC100045B9A /* PBXContainerItemProxy */ = {
			isa = PBXContainerItemProxy;
			containerPortal = 2C755BD6185B3DC100045B9A /* Project object */;
			proxyType = 1;
			remoteGlobalIDString = 2C755BDD185B3DC100045B9A;
			remoteInfo = Currencies;
		};
/* End PBXContainerItemProxy section */

/* Begin PBXFileReference section */
		2C568DA21867888F00903E9E /* symbols.plist */ = {isa = PBXFileReference; fileEncoding = 4; lastKnownFileType = text.plist.xml; path = symbols.plist; sourceTree = "<group>"; };
		2C568DA4186788ED00903E9E /* short_names.plist */ = {isa = PBXFileReference; fileEncoding = 4; lastKnownFileType = text.plist.xml; path = short_names.plist; sourceTree = "<group>"; };
		2C568DA61867892700903E9E /* full_names.plist */ = {isa = PBXFileReference; fileEncoding = 4; lastKnownFileType = text.plist.xml; path = full_names.plist; sourceTree = "<group>"; };
		2C581DF31867A0EF00340D39 /* NavController.h */ = {isa = PBXFileReference; fileEncoding = 4; lastKnownFileType = sourcecode.c.h; path = NavController.h; sourceTree = "<group>"; };
		2C581DF41867A0EF00340D39 /* NavController.m */ = {isa = PBXFileReference; fileEncoding = 4; lastKnownFileType = sourcecode.c.objc; path = NavController.m; sourceTree = "<group>"; };
		2C755BDE185B3DC100045B9A /* Currencies.app */ = {isa = PBXFileReference; explicitFileType = wrapper.application; includeInIndex = 0; path = Currencies.app; sourceTree = BUILT_PRODUCTS_DIR; };
		2C755BE1185B3DC100045B9A /* Foundation.framework */ = {isa = PBXFileReference; lastKnownFileType = wrapper.framework; name = Foundation.framework; path = System/Library/Frameworks/Foundation.framework; sourceTree = SDKROOT; };
		2C755BE3185B3DC100045B9A /* CoreGraphics.framework */ = {isa = PBXFileReference; lastKnownFileType = wrapper.framework; name = CoreGraphics.framework; path = System/Library/Frameworks/CoreGraphics.framework; sourceTree = SDKROOT; };
		2C755BE5185B3DC100045B9A /* UIKit.framework */ = {isa = PBXFileReference; lastKnownFileType = wrapper.framework; name = UIKit.framework; path = System/Library/Frameworks/UIKit.framework; sourceTree = SDKROOT; };
		2C755BE9185B3DC100045B9A /* Currencies-Info.plist */ = {isa = PBXFileReference; lastKnownFileType = text.plist.xml; path = "Currencies-Info.plist"; sourceTree = "<group>"; };
		2C755BEB185B3DC100045B9A /* en */ = {isa = PBXFileReference; lastKnownFileType = text.plist.strings; name = en; path = en.lproj/InfoPlist.strings; sourceTree = "<group>"; };
		2C755BED185B3DC100045B9A /* main.m */ = {isa = PBXFileReference; lastKnownFileType = sourcecode.c.objc; path = main.m; sourceTree = "<group>"; };
		2C755BEF185B3DC100045B9A /* Currencies-Prefix.pch */ = {isa = PBXFileReference; lastKnownFileType = sourcecode.c.h; path = "Currencies-Prefix.pch"; sourceTree = "<group>"; };
		2C755BF0185B3DC100045B9A /* AppDelegate.h */ = {isa = PBXFileReference; lastKnownFileType = sourcecode.c.h; path = AppDelegate.h; sourceTree = "<group>"; };
		2C755BF1185B3DC100045B9A /* AppDelegate.m */ = {isa = PBXFileReference; lastKnownFileType = sourcecode.c.objc; path = AppDelegate.m; sourceTree = "<group>"; };
		2C755BF4185B3DC100045B9A /* Base */ = {isa = PBXFileReference; lastKnownFileType = file.storyboard; name = Base; path = Base.lproj/Main.storyboard; sourceTree = "<group>"; };
		2C755BF6185B3DC100045B9A /* ViewController.h */ = {isa = PBXFileReference; lastKnownFileType = sourcecode.c.h; path = ViewController.h; sourceTree = "<group>"; };
		2C755BF7185B3DC100045B9A /* ViewController.m */ = {isa = PBXFileReference; lastKnownFileType = sourcecode.c.objc; path = ViewController.m; sourceTree = "<group>"; };
		2C755BF9185B3DC100045B9A /* Images.xcassets */ = {isa = PBXFileReference; lastKnownFileType = folder.assetcatalog; path = Images.xcassets; sourceTree = "<group>"; };
		2C755BFF185B3DC100045B9A /* CurrenciesTests.xctest */ = {isa = PBXFileReference; explicitFileType = wrapper.cfbundle; includeInIndex = 0; path = CurrenciesTests.xctest; sourceTree = BUILT_PRODUCTS_DIR; };
		2C755C00185B3DC100045B9A /* XCTest.framework */ = {isa = PBXFileReference; lastKnownFileType = wrapper.framework; name = XCTest.framework; path = Library/Frameworks/XCTest.framework; sourceTree = DEVELOPER_DIR; };
		2C755C08185B3DC100045B9A /* CurrenciesTests-Info.plist */ = {isa = PBXFileReference; lastKnownFileType = text.plist.xml; path = "CurrenciesTests-Info.plist"; sourceTree = "<group>"; };
		2C755C0A185B3DC100045B9A /* en */ = {isa = PBXFileReference; lastKnownFileType = text.plist.strings; name = en; path = en.lproj/InfoPlist.strings; sourceTree = "<group>"; };
		2C755C0C185B3DC100045B9A /* CurrenciesTests.m */ = {isa = PBXFileReference; lastKnownFileType = sourcecode.c.objc; path = CurrenciesTests.m; sourceTree = "<group>"; };
		2C755C16185B4A4F00045B9A /* CurrencyConverter.h */ = {isa = PBXFileReference; fileEncoding = 4; lastKnownFileType = sourcecode.c.h; path = CurrencyConverter.h; sourceTree = "<group>"; };
		2C755C17185B4A4F00045B9A /* CurrencyConverter.m */ = {isa = PBXFileReference; fileEncoding = 4; lastKnownFileType = sourcecode.c.objc; path = CurrencyConverter.m; sourceTree = "<group>"; };
		2CDAC5C91860E3F700CB4913 /* Currency.h */ = {isa = PBXFileReference; fileEncoding = 4; lastKnownFileType = sourcecode.c.h; path = Currency.h; sourceTree = "<group>"; };
		2CDAC5CA1860E3F700CB4913 /* Currency.m */ = {isa = PBXFileReference; fileEncoding = 4; lastKnownFileType = sourcecode.c.objc; path = Currency.m; sourceTree = "<group>"; };
		2CF24DC4185BADE10083EC56 /* TableViewController.h */ = {isa = PBXFileReference; fileEncoding = 4; lastKnownFileType = sourcecode.c.h; path = TableViewController.h; sourceTree = "<group>"; };
		2CF24DC5185BADE10083EC56 /* TableViewController.m */ = {isa = PBXFileReference; fileEncoding = 4; lastKnownFileType = sourcecode.c.objc; path = TableViewController.m; sourceTree = "<group>"; };
		2CF24DCA185BB18A0083EC56 /* CurrenciesContainer.h */ = {isa = PBXFileReference; fileEncoding = 4; lastKnownFileType = sourcecode.c.h; path = CurrenciesContainer.h; sourceTree = "<group>"; };
		2CF24DCB185BB18A0083EC56 /* CurrenciesContainer.m */ = {isa = PBXFileReference; fileEncoding = 4; lastKnownFileType = sourcecode.c.objc; path = CurrenciesContainer.m; sourceTree = "<group>"; };
/* End PBXFileReference section */

/* Begin PBXFrameworksBuildPhase section */
		2C755BDB185B3DC100045B9A /* Frameworks */ = {
			isa = PBXFrameworksBuildPhase;
			buildActionMask = 2147483647;
			files = (
				2C755BE4185B3DC100045B9A /* CoreGraphics.framework in Frameworks */,
				2C755BE6185B3DC100045B9A /* UIKit.framework in Frameworks */,
				2C755BE2185B3DC100045B9A /* Foundation.framework in Frameworks */,
			);
			runOnlyForDeploymentPostprocessing = 0;
		};
		2C755BFC185B3DC100045B9A /* Frameworks */ = {
			isa = PBXFrameworksBuildPhase;
			buildActionMask = 2147483647;
			files = (
				2C755C01185B3DC100045B9A /* XCTest.framework in Frameworks */,
				2C755C03185B3DC100045B9A /* UIKit.framework in Frameworks */,
				2C755C02185B3DC100045B9A /* Foundation.framework in Frameworks */,
			);
			runOnlyForDeploymentPostprocessing = 0;
		};
/* End PBXFrameworksBuildPhase section */

/* Begin PBXGroup section */
		2C568D9F186786D900903E9E /* Data */ = {
			isa = PBXGroup;
			children = (
				2C568DA21867888F00903E9E /* symbols.plist */,
				2C568DA4186788ED00903E9E /* short_names.plist */,
				2C568DA61867892700903E9E /* full_names.plist */,
			);
			name = Data;
			sourceTree = "<group>";
		};
		2C755BD5185B3DC100045B9A = {
			isa = PBXGroup;
			children = (
				2C755BE7185B3DC100045B9A /* Currencies */,
				2C755C06185B3DC100045B9A /* CurrenciesTests */,
				2C755BE0185B3DC100045B9A /* Frameworks */,
				2C755BDF185B3DC100045B9A /* Products */,
			);
			sourceTree = "<group>";
		};
		2C755BDF185B3DC100045B9A /* Products */ = {
			isa = PBXGroup;
			children = (
				2C755BDE185B3DC100045B9A /* Currencies.app */,
				2C755BFF185B3DC100045B9A /* CurrenciesTests.xctest */,
			);
			name = Products;
			sourceTree = "<group>";
		};
		2C755BE0185B3DC100045B9A /* Frameworks */ = {
			isa = PBXGroup;
			children = (
				2C755BE1185B3DC100045B9A /* Foundation.framework */,
				2C755BE3185B3DC100045B9A /* CoreGraphics.framework */,
				2C755BE5185B3DC100045B9A /* UIKit.framework */,
				2C755C00185B3DC100045B9A /* XCTest.framework */,
			);
			name = Frameworks;
			sourceTree = "<group>";
		};
		2C755BE7185B3DC100045B9A /* Currencies */ = {
			isa = PBXGroup;
			children = (
				2C568D9F186786D900903E9E /* Data */,
				2C755BF0185B3DC100045B9A /* AppDelegate.h */,
				2C755BF1185B3DC100045B9A /* AppDelegate.m */,
				2C755BF3185B3DC100045B9A /* Main.storyboard */,
				2C755BF6185B3DC100045B9A /* ViewController.h */,
				2C755BF7185B3DC100045B9A /* ViewController.m */,
				2C755BF9185B3DC100045B9A /* Images.xcassets */,
				2C755BE8185B3DC100045B9A /* Supporting Files */,
				2C755C16185B4A4F00045B9A /* CurrencyConverter.h */,
				2C755C17185B4A4F00045B9A /* CurrencyConverter.m */,
				2CF24DC4185BADE10083EC56 /* TableViewController.h */,
				2CF24DC5185BADE10083EC56 /* TableViewController.m */,
				2CF24DCA185BB18A0083EC56 /* CurrenciesContainer.h */,
				2CF24DCB185BB18A0083EC56 /* CurrenciesContainer.m */,
				2C581DF31867A0EF00340D39 /* NavController.h */,
				2C581DF41867A0EF00340D39 /* NavController.m */,
			);
			path = Currencies;
			sourceTree = "<group>";
		};
		2C755BE8185B3DC100045B9A /* Supporting Files */ = {
			isa = PBXGroup;
			children = (
				2C755BE9185B3DC100045B9A /* Currencies-Info.plist */,
				2C755BEA185B3DC100045B9A /* InfoPlist.strings */,
				2C755BED185B3DC100045B9A /* main.m */,
				2C755BEF185B3DC100045B9A /* Currencies-Prefix.pch */,
				2CDAC5C91860E3F700CB4913 /* Currency.h */,
				2CDAC5CA1860E3F700CB4913 /* Currency.m */,
			);
			name = "Supporting Files";
			sourceTree = "<group>";
		};
		2C755C06185B3DC100045B9A /* CurrenciesTests */ = {
			isa = PBXGroup;
			children = (
				2C755C0C185B3DC100045B9A /* CurrenciesTests.m */,
				2C755C07185B3DC100045B9A /* Supporting Files */,
			);
			path = CurrenciesTests;
			sourceTree = "<group>";
		};
		2C755C07185B3DC100045B9A /* Supporting Files */ = {
			isa = PBXGroup;
			children = (
				2C755C08185B3DC100045B9A /* CurrenciesTests-Info.plist */,
				2C755C09185B3DC100045B9A /* InfoPlist.strings */,
			);
			name = "Supporting Files";
			sourceTree = "<group>";
		};
/* End PBXGroup section */

/* Begin PBXNativeTarget section */
		2C755BDD185B3DC100045B9A /* Currencies */ = {
			isa = PBXNativeTarget;
			buildConfigurationList = 2C755C10185B3DC100045B9A /* Build configuration list for PBXNativeTarget "Currencies" */;
			buildPhases = (
				2C755BDA185B3DC100045B9A /* Sources */,
				2C755BDB185B3DC100045B9A /* Frameworks */,
				2C755BDC185B3DC100045B9A /* Resources */,
			);
			buildRules = (
			);
			dependencies = (
			);
			name = Currencies;
			productName = Currencies;
			productReference = 2C755BDE185B3DC100045B9A /* Currencies.app */;
			productType = "com.apple.product-type.application";
		};
		2C755BFE185B3DC100045B9A /* CurrenciesTests */ = {
			isa = PBXNativeTarget;
			buildConfigurationList = 2C755C13185B3DC100045B9A /* Build configuration list for PBXNativeTarget "CurrenciesTests" */;
			buildPhases = (
				2C755BFB185B3DC100045B9A /* Sources */,
				2C755BFC185B3DC100045B9A /* Frameworks */,
				2C755BFD185B3DC100045B9A /* Resources */,
			);
			buildRules = (
			);
			dependencies = (
				2C755C05185B3DC100045B9A /* PBXTargetDependency */,
			);
			name = CurrenciesTests;
			productName = CurrenciesTests;
			productReference = 2C755BFF185B3DC100045B9A /* CurrenciesTests.xctest */;
			productType = "com.apple.product-type.bundle.unit-test";
		};
/* End PBXNativeTarget section */

/* Begin PBXProject section */
		2C755BD6185B3DC100045B9A /* Project object */ = {
			isa = PBXProject;
			attributes = {
				LastUpgradeCheck = 0500;
				ORGANIZATIONNAME = "Bartłomiej Oziębło";
				TargetAttributes = {
					2C755BFE185B3DC100045B9A = {
						TestTargetID = 2C755BDD185B3DC100045B9A;
					};
				};
			};
			buildConfigurationList = 2C755BD9185B3DC100045B9A /* Build configuration list for PBXProject "Currencies" */;
			compatibilityVersion = "Xcode 3.2";
			developmentRegion = English;
			hasScannedForEncodings = 0;
			knownRegions = (
				en,
				Base,
			);
			mainGroup = 2C755BD5185B3DC100045B9A;
			productRefGroup = 2C755BDF185B3DC100045B9A /* Products */;
			projectDirPath = "";
			projectRoot = "";
			targets = (
				2C755BDD185B3DC100045B9A /* Currencies */,
				2C755BFE185B3DC100045B9A /* CurrenciesTests */,
			);
		};
/* End PBXProject section */

/* Begin PBXResourcesBuildPhase section */
		2C755BDC185B3DC100045B9A /* Resources */ = {
			isa = PBXResourcesBuildPhase;
			buildActionMask = 2147483647;
			files = (
				2C568DA71867892700903E9E /* full_names.plist in Resources */,
				2C568DA5186788ED00903E9E /* short_names.plist in Resources */,
				2C568DA31867888F00903E9E /* symbols.plist in Resources */,
				2C755BFA185B3DC100045B9A /* Images.xcassets in Resources */,
				2C755BEC185B3DC100045B9A /* InfoPlist.strings in Resources */,
				2C755BF5185B3DC100045B9A /* Main.storyboard in Resources */,
			);
			runOnlyForDeploymentPostprocessing = 0;
		};
		2C755BFD185B3DC100045B9A /* Resources */ = {
			isa = PBXResourcesBuildPhase;
			buildActionMask = 2147483647;
			files = (
				2C755C0B185B3DC100045B9A /* InfoPlist.strings in Resources */,
			);
			runOnlyForDeploymentPostprocessing = 0;
		};
/* End PBXResourcesBuildPhase section */

/* Begin PBXSourcesBuildPhase section */
		2C755BDA185B3DC100045B9A /* Sources */ = {
			isa = PBXSourcesBuildPhase;
			buildActionMask = 2147483647;
			files = (
				2C581DF51867A0EF00340D39 /* NavController.m in Sources */,
				2CF24DCC185BB18A0083EC56 /* CurrenciesContainer.m in Sources */,
				2C755BF8185B3DC100045B9A /* ViewController.m in Sources */,
				2C755C18185B4A4F00045B9A /* CurrencyConverter.m in Sources */,
				2C755BF2185B3DC100045B9A /* AppDelegate.m in Sources */,
				2CF24DC6185BADE10083EC56 /* TableViewController.m in Sources */,
				2CDAC5CB1860E3F700CB4913 /* Currency.m in Sources */,
				2C755BEE185B3DC100045B9A /* main.m in Sources */,
			);
			runOnlyForDeploymentPostprocessing = 0;
		};
		2C755BFB185B3DC100045B9A /* Sources */ = {
			isa = PBXSourcesBuildPhase;
			buildActionMask = 2147483647;
			files = (
				2C755C0D185B3DC100045B9A /* CurrenciesTests.m in Sources */,
			);
			runOnlyForDeploymentPostprocessing = 0;
		};
/* End PBXSourcesBuildPhase section */

/* Begin PBXTargetDependency section */
		2C755C05185B3DC100045B9A /* PBXTargetDependency */ = {
			isa = PBXTargetDependency;
			target = 2C755BDD185B3DC100045B9A /* Currencies */;
			targetProxy = 2C755C04185B3DC100045B9A /* PBXContainerItemProxy */;
		};
/* End PBXTargetDependency section */

/* Begin PBXVariantGroup section */
		2C755BEA185B3DC100045B9A /* InfoPlist.strings */ = {
			isa = PBXVariantGroup;
			children = (
				2C755BEB185B3DC100045B9A /* en */,
			);
			name = InfoPlist.strings;
			sourceTree = "<group>";
		};
		2C755BF3185B3DC100045B9A /* Main.storyboard */ = {
			isa = PBXVariantGroup;
			children = (
				2C755BF4185B3DC100045B9A /* Base */,
			);
			name = Main.storyboard;
			sourceTree = "<group>";
		};
		2C755C09185B3DC100045B9A /* InfoPlist.strings */ = {
			isa = PBXVariantGroup;
			children = (
				2C755C0A185B3DC100045B9A /* en */,
			);
			name = InfoPlist.strings;
			sourceTree = "<group>";
		};
/* End PBXVariantGroup section */

/* Begin XCBuildConfiguration section */
		2C755C0E185B3DC100045B9A /* Debug */ = {
			isa = XCBuildConfiguration;
			buildSettings = {
				ALWAYS_SEARCH_USER_PATHS = NO;
				ARCHS = "$(ARCHS_STANDARD_INCLUDING_64_BIT)";
				CLANG_CXX_LANGUAGE_STANDARD = "gnu++0x";
				CLANG_CXX_LIBRARY = "libc++";
				CLANG_ENABLE_MODULES = YES;
				CLANG_ENABLE_OBJC_ARC = YES;
				CLANG_WARN_BOOL_CONVERSION = YES;
				CLANG_WARN_CONSTANT_CONVERSION = YES;
				CLANG_WARN_DIRECT_OBJC_ISA_USAGE = YES_ERROR;
				CLANG_WARN_EMPTY_BODY = YES;
				CLANG_WARN_ENUM_CONVERSION = YES;
				CLANG_WARN_INT_CONVERSION = YES;
				CLANG_WARN_OBJC_ROOT_CLASS = YES_ERROR;
				CLANG_WARN__DUPLICATE_METHOD_MATCH = YES;
				"CODE_SIGN_IDENTITY[sdk=iphoneos*]" = "iPhone Developer";
				COPY_PHASE_STRIP = NO;
				GCC_C_LANGUAGE_STANDARD = gnu99;
				GCC_DYNAMIC_NO_PIC = NO;
				GCC_OPTIMIZATION_LEVEL = 0;
				GCC_PREPROCESSOR_DEFINITIONS = (
					"DEBUG=1",
					"$(inherited)",
				);
				GCC_SYMBOLS_PRIVATE_EXTERN = NO;
				GCC_WARN_64_TO_32_BIT_CONVERSION = YES;
				GCC_WARN_ABOUT_RETURN_TYPE = YES_ERROR;
				GCC_WARN_UNDECLARED_SELECTOR = YES;
				GCC_WARN_UNINITIALIZED_AUTOS = YES;
				GCC_WARN_UNUSED_FUNCTION = YES;
				GCC_WARN_UNUSED_VARIABLE = YES;
				IPHONEOS_DEPLOYMENT_TARGET = 7.0;
				ONLY_ACTIVE_ARCH = YES;
				SDKROOT = iphoneos;
			};
			name = Debug;
		};
		2C755C0F185B3DC100045B9A /* Release */ = {
			isa = XCBuildConfiguration;
			buildSettings = {
				ALWAYS_SEARCH_USER_PATHS = NO;
				ARCHS = "$(ARCHS_STANDARD_INCLUDING_64_BIT)";
				CLANG_CXX_LANGUAGE_STANDARD = "gnu++0x";
				CLANG_CXX_LIBRARY = "libc++";
				CLANG_ENABLE_MODULES = YES;
				CLANG_ENABLE_OBJC_ARC = YES;
				CLANG_WARN_BOOL_CONVERSION = YES;
				CLANG_WARN_CONSTANT_CONVERSION = YES;
				CLANG_WARN_DIRECT_OBJC_ISA_USAGE = YES_ERROR;
				CLANG_WARN_EMPTY_BODY = YES;
				CLANG_WARN_ENUM_CONVERSION = YES;
				CLANG_WARN_INT_CONVERSION = YES;
				CLANG_WARN_OBJC_ROOT_CLASS = YES_ERROR;
				CLANG_WARN__DUPLICATE_METHOD_MATCH = YES;
				"CODE_SIGN_IDENTITY[sdk=iphoneos*]" = "iPhone Developer";
				COPY_PHASE_STRIP = YES;
				ENABLE_NS_ASSERTIONS = NO;
				GCC_C_LANGUAGE_STANDARD = gnu99;
				GCC_WARN_64_TO_32_BIT_CONVERSION = YES;
				GCC_WARN_ABOUT_RETURN_TYPE = YES_ERROR;
				GCC_WARN_UNDECLARED_SELECTOR = YES;
				GCC_WARN_UNINITIALIZED_AUTOS = YES;
				GCC_WARN_UNUSED_FUNCTION = YES;
				GCC_WARN_UNUSED_VARIABLE = YES;
				IPHONEOS_DEPLOYMENT_TARGET = 7.0;
				SDKROOT = iphoneos;
				VALIDATE_PRODUCT = YES;
			};
			name = Release;
		};
		2C755C11185B3DC100045B9A /* Debug */ = {
			isa = XCBuildConfiguration;
			buildSettings = {
				ASSETCATALOG_COMPILER_APPICON_NAME = AppIcon;
				ASSETCATALOG_COMPILER_LAUNCHIMAGE_NAME = LaunchImage;
				GCC_PRECOMPILE_PREFIX_HEADER = YES;
				GCC_PREFIX_HEADER = "Currencies/Currencies-Prefix.pch";
				INFOPLIST_FILE = "Currencies/Currencies-Info.plist";
				PRODUCT_NAME = "$(TARGET_NAME)";
				WRAPPER_EXTENSION = app;
			};
			name = Debug;
		};
		2C755C12185B3DC100045B9A /* Release */ = {
			isa = XCBuildConfiguration;
			buildSettings = {
				ASSETCATALOG_COMPILER_APPICON_NAME = AppIcon;
				ASSETCATALOG_COMPILER_LAUNCHIMAGE_NAME = LaunchImage;
				GCC_PRECOMPILE_PREFIX_HEADER = YES;
				GCC_PREFIX_HEADER = "Currencies/Currencies-Prefix.pch";
				INFOPLIST_FILE = "Currencies/Currencies-Info.plist";
				PRODUCT_NAME = "$(TARGET_NAME)";
				WRAPPER_EXTENSION = app;
			};
			name = Release;
		};
		2C755C14185B3DC100045B9A /* Debug */ = {
			isa = XCBuildConfiguration;
			buildSettings = {
				ARCHS = "$(ARCHS_STANDARD_INCLUDING_64_BIT)";
				BUNDLE_LOADER = "$(BUILT_PRODUCTS_DIR)/Currencies.app/Currencies";
				FRAMEWORK_SEARCH_PATHS = (
					"$(SDKROOT)/Developer/Library/Frameworks",
					"$(inherited)",
					"$(DEVELOPER_FRAMEWORKS_DIR)",
				);
				GCC_PRECOMPILE_PREFIX_HEADER = YES;
				GCC_PREFIX_HEADER = "Currencies/Currencies-Prefix.pch";
				GCC_PREPROCESSOR_DEFINITIONS = (
					"DEBUG=1",
					"$(inherited)",
				);
				INFOPLIST_FILE = "CurrenciesTests/CurrenciesTests-Info.plist";
				PRODUCT_NAME = "$(TARGET_NAME)";
				TEST_HOST = "$(BUNDLE_LOADER)";
				WRAPPER_EXTENSION = xctest;
			};
			name = Debug;
		};
		2C755C15185B3DC100045B9A /* Release */ = {
			isa = XCBuildConfiguration;
			buildSettings = {
				ARCHS = "$(ARCHS_STANDARD_INCLUDING_64_BIT)";
				BUNDLE_LOADER = "$(BUILT_PRODUCTS_DIR)/Currencies.app/Currencies";
				FRAMEWORK_SEARCH_PATHS = (
					"$(SDKROOT)/Developer/Library/Frameworks",
					"$(inherited)",
					"$(DEVELOPER_FRAMEWORKS_DIR)",
				);
				GCC_PRECOMPILE_PREFIX_HEADER = YES;
				GCC_PREFIX_HEADER = "Currencies/Currencies-Prefix.pch";
				INFOPLIST_FILE = "CurrenciesTests/CurrenciesTests-Info.plist";
				PRODUCT_NAME = "$(TARGET_NAME)";
				TEST_HOST = "$(BUNDLE_LOADER)";
				WRAPPER_EXTENSION = xctest;
			};
			name = Release;
		};
/* End XCBuildConfiguration section */

/* Begin XCConfigurationList section */
		2C755BD9185B3DC100045B9A /* Build configuration list for PBXProject "Currencies" */ = {
			isa = XCConfigurationList;
			buildConfigurations = (
				2C755C0E185B3DC100045B9A /* Debug */,
				2C755C0F185B3DC100045B9A /* Release */,
			);
			defaultConfigurationIsVisible = 0;
			defaultConfigurationName = Release;
		};
		2C755C10185B3DC100045B9A /* Build configuration list for PBXNativeTarget "Currencies" */ = {
			isa = XCConfigurationList;
			buildConfigurations = (
				2C755C11185B3DC100045B9A /* Debug */,
				2C755C12185B3DC100045B9A /* Release */,
			);
			defaultConfigurationIsVisible = 0;
			defaultConfigurationName = Release;
		};
		2C755C13185B3DC100045B9A /* Build configuration list for PBXNativeTarget "CurrenciesTests" */ = {
			isa = XCConfigurationList;
			buildConfigurations = (
				2C755C14185B3DC100045B9A /* Debug */,
				2C755C15185B3DC100045B9A /* Release */,
			);
			defaultConfigurationIsVisible = 0;
			defaultConfigurationName = Release;
		};
/* End XCConfigurationList section */
	};
	rootObject = 2C755BD6185B3DC100045B9A /* Project object */;
}
